// !$*UTF8*$!
{
	archiveVersion = 1;
	classes = {
	};
	objectVersion = 56;
	objects = {

/* Begin PBXBuildFile section */
		040DB656294BBAEF002205C8 /* Network.swift in Sources */ = {isa = PBXBuildFile; fileRef = 040DB655294BBAEF002205C8 /* Network.swift */; };
		040DB65B294BBC4D002205C8 /* Remote.swift in Sources */ = {isa = PBXBuildFile; fileRef = 040DB65A294BBC4D002205C8 /* Remote.swift */; };
		044755AA29379361000DB74C /* LoginViewController.xib in Resources */ = {isa = PBXBuildFile; fileRef = 044755A629379361000DB74C /* LoginViewController.xib */; };
		044755AB29379361000DB74C /* LoginConfigurator.swift in Sources */ = {isa = PBXBuildFile; fileRef = 044755A729379361000DB74C /* LoginConfigurator.swift */; };
		044755AC29379361000DB74C /* LoginViewController.swift in Sources */ = {isa = PBXBuildFile; fileRef = 044755A829379361000DB74C /* LoginViewController.swift */; };
		044755AD29379361000DB74C /* LoginPresenter.swift in Sources */ = {isa = PBXBuildFile; fileRef = 044755A929379361000DB74C /* LoginPresenter.swift */; };
		0457DDA229DCD8D40019001E /* NetworkError.swift in Sources */ = {isa = PBXBuildFile; fileRef = 0457DDA129DCD8D40019001E /* NetworkError.swift */; };
		0457DDA429DCD9680019001E /* ApiConstant.swift in Sources */ = {isa = PBXBuildFile; fileRef = 0457DDA329DCD9680019001E /* ApiConstant.swift */; };
		0457DDA629DCDA310019001E /* DataParser.swift in Sources */ = {isa = PBXBuildFile; fileRef = 0457DDA529DCDA310019001E /* DataParser.swift */; };
		045A4C572934F2B40011E6B8 /* AppDelegate.swift in Sources */ = {isa = PBXBuildFile; fileRef = 045A4C562934F2B40011E6B8 /* AppDelegate.swift */; };
		045A4C602934F2B50011E6B8 /* Assets.xcassets in Resources */ = {isa = PBXBuildFile; fileRef = 045A4C5F2934F2B50011E6B8 /* Assets.xcassets */; };
		045A4C6E2934F2B60011E6B8 /* MyPodcastsTests.swift in Sources */ = {isa = PBXBuildFile; fileRef = 045A4C6D2934F2B60011E6B8 /* MyPodcastsTests.swift */; };
		045A4C782934F2B60011E6B8 /* MyPodcastsUITests.swift in Sources */ = {isa = PBXBuildFile; fileRef = 045A4C772934F2B60011E6B8 /* MyPodcastsUITests.swift */; };
		045A4C7A2934F2B60011E6B8 /* MyPodcastsUITestsLaunchTests.swift in Sources */ = {isa = PBXBuildFile; fileRef = 045A4C792934F2B60011E6B8 /* MyPodcastsUITestsLaunchTests.swift */; };
		04B50711293C8A1F00EDD10B /* OnboardingViewController.swift in Sources */ = {isa = PBXBuildFile; fileRef = 04B5070F293C8A1F00EDD10B /* OnboardingViewController.swift */; };
		04B50712293C8A1F00EDD10B /* OnboardingView.xib in Resources */ = {isa = PBXBuildFile; fileRef = 04B50710293C8A1F00EDD10B /* OnboardingView.xib */; };
		04B50714293C8AAA00EDD10B /* OnboardingPresenter.swift in Sources */ = {isa = PBXBuildFile; fileRef = 04B50713293C8AAA00EDD10B /* OnboardingPresenter.swift */; };
		04B50716293C8C5000EDD10B /* OnboardingConfigurator.swift in Sources */ = {isa = PBXBuildFile; fileRef = 04B50715293C8C5000EDD10B /* OnboardingConfigurator.swift */; };
		04B50719293C8F4400EDD10B /* NavigationRoute.swift in Sources */ = {isa = PBXBuildFile; fileRef = 04B50718293C8F4400EDD10B /* NavigationRoute.swift */; };
		04BD633C29362AD5006F1A65 /* User.swift in Sources */ = {isa = PBXBuildFile; fileRef = 04BD633B29362AD5006F1A65 /* User.swift */; };
		04BD634329362E1D006F1A65 /* UserLogin.swift in Sources */ = {isa = PBXBuildFile; fileRef = 04BD634229362E1D006F1A65 /* UserLogin.swift */; };
		04BD634529364773006F1A65 /* LoginParameter.swift in Sources */ = {isa = PBXBuildFile; fileRef = 04BD634429364773006F1A65 /* LoginParameter.swift */; };
		04D8557C29D962B8006FEED8 /* PodcastRequest.swift in Sources */ = {isa = PBXBuildFile; fileRef = 04D8557B29D962B8006FEED8 /* PodcastRequest.swift */; };
		04D8557E29D965DB006FEED8 /* RequestProtocol.swift in Sources */ = {isa = PBXBuildFile; fileRef = 04D8557D29D965DB006FEED8 /* RequestProtocol.swift */; };
		04D8558029D96637006FEED8 /* RequestType.swift in Sources */ = {isa = PBXBuildFile; fileRef = 04D8557F29D96637006FEED8 /* RequestType.swift */; };
		04E5ABDB29374B7800F8E898 /* AuthenticationGateway.swift in Sources */ = {isa = PBXBuildFile; fileRef = 04E5ABDA29374B7800F8E898 /* AuthenticationGateway.swift */; };
		04E5ABDE29374CEF00F8E898 /* String+Extenions.swift in Sources */ = {isa = PBXBuildFile; fileRef = 04E5ABDD29374CEF00F8E898 /* String+Extenions.swift */; };
		04E5ABE029374FBC00F8E898 /* UserLoginError.swift in Sources */ = {isa = PBXBuildFile; fileRef = 04E5ABDF29374FBC00F8E898 /* UserLoginError.swift */; };
		04E5ABED29375EC400F8E898 /* APIAuthenticationGateway.swift in Sources */ = {isa = PBXBuildFile; fileRef = 04E5ABEC29375EC300F8E898 /* APIAuthenticationGateway.swift */; };
		1DF227C33FC7284BCF7632B9 /* Pods_MyPodcasts.framework in Frameworks */ = {isa = PBXBuildFile; fileRef = A8C259AE19B924768FE08348 /* Pods_MyPodcasts.framework */; };
/* End PBXBuildFile section */

/* Begin PBXContainerItemProxy section */
		045A4C6A2934F2B60011E6B8 /* PBXContainerItemProxy */ = {
			isa = PBXContainerItemProxy;
			containerPortal = 045A4C4B2934F2B30011E6B8 /* Project object */;
			proxyType = 1;
			remoteGlobalIDString = 045A4C522934F2B40011E6B8;
			remoteInfo = ChatApp;
		};
		045A4C742934F2B60011E6B8 /* PBXContainerItemProxy */ = {
			isa = PBXContainerItemProxy;
			containerPortal = 045A4C4B2934F2B30011E6B8 /* Project object */;
			proxyType = 1;
			remoteGlobalIDString = 045A4C522934F2B40011E6B8;
			remoteInfo = ChatApp;
		};
/* End PBXContainerItemProxy section */

/* Begin PBXFileReference section */
		040DB655294BBAEF002205C8 /* Network.swift */ = {isa = PBXFileReference; lastKnownFileType = sourcecode.swift; path = Network.swift; sourceTree = "<group>"; };
		040DB65A294BBC4D002205C8 /* Remote.swift */ = {isa = PBXFileReference; lastKnownFileType = sourcecode.swift; path = Remote.swift; sourceTree = "<group>"; };
		044755A629379361000DB74C /* LoginViewController.xib */ = {isa = PBXFileReference; fileEncoding = 4; lastKnownFileType = file.xib; path = LoginViewController.xib; sourceTree = "<group>"; };
		044755A729379361000DB74C /* LoginConfigurator.swift */ = {isa = PBXFileReference; fileEncoding = 4; lastKnownFileType = sourcecode.swift; path = LoginConfigurator.swift; sourceTree = "<group>"; };
		044755A829379361000DB74C /* LoginViewController.swift */ = {isa = PBXFileReference; fileEncoding = 4; lastKnownFileType = sourcecode.swift; path = LoginViewController.swift; sourceTree = "<group>"; };
		044755A929379361000DB74C /* LoginPresenter.swift */ = {isa = PBXFileReference; fileEncoding = 4; lastKnownFileType = sourcecode.swift; path = LoginPresenter.swift; sourceTree = "<group>"; };
		0457DDA129DCD8D40019001E /* NetworkError.swift */ = {isa = PBXFileReference; lastKnownFileType = sourcecode.swift; path = NetworkError.swift; sourceTree = "<group>"; };
		0457DDA329DCD9680019001E /* ApiConstant.swift */ = {isa = PBXFileReference; lastKnownFileType = sourcecode.swift; path = ApiConstant.swift; sourceTree = "<group>"; };
		0457DDA529DCDA310019001E /* DataParser.swift */ = {isa = PBXFileReference; lastKnownFileType = sourcecode.swift; path = DataParser.swift; sourceTree = "<group>"; };
		045A4C532934F2B40011E6B8 /* MyPodcasts.app */ = {isa = PBXFileReference; explicitFileType = wrapper.application; includeInIndex = 0; path = MyPodcasts.app; sourceTree = BUILT_PRODUCTS_DIR; };
		045A4C562934F2B40011E6B8 /* AppDelegate.swift */ = {isa = PBXFileReference; lastKnownFileType = sourcecode.swift; path = AppDelegate.swift; sourceTree = "<group>"; };
		045A4C5F2934F2B50011E6B8 /* Assets.xcassets */ = {isa = PBXFileReference; lastKnownFileType = folder.assetcatalog; path = Assets.xcassets; sourceTree = "<group>"; };
		045A4C642934F2B50011E6B8 /* Info.plist */ = {isa = PBXFileReference; lastKnownFileType = text.plist.xml; path = Info.plist; sourceTree = "<group>"; };
		045A4C692934F2B60011E6B8 /* MyPodcastsTests.xctest */ = {isa = PBXFileReference; explicitFileType = wrapper.cfbundle; includeInIndex = 0; path = MyPodcastsTests.xctest; sourceTree = BUILT_PRODUCTS_DIR; };
		045A4C6D2934F2B60011E6B8 /* MyPodcastsTests.swift */ = {isa = PBXFileReference; lastKnownFileType = sourcecode.swift; path = MyPodcastsTests.swift; sourceTree = "<group>"; };
		045A4C732934F2B60011E6B8 /* MyPodcastsUITests.xctest */ = {isa = PBXFileReference; explicitFileType = wrapper.cfbundle; includeInIndex = 0; path = MyPodcastsUITests.xctest; sourceTree = BUILT_PRODUCTS_DIR; };
		045A4C772934F2B60011E6B8 /* MyPodcastsUITests.swift */ = {isa = PBXFileReference; lastKnownFileType = sourcecode.swift; path = MyPodcastsUITests.swift; sourceTree = "<group>"; };
		045A4C792934F2B60011E6B8 /* MyPodcastsUITestsLaunchTests.swift */ = {isa = PBXFileReference; lastKnownFileType = sourcecode.swift; path = MyPodcastsUITestsLaunchTests.swift; sourceTree = "<group>"; };
		049C360F299265F500515113 /* Pods_ChatApp.framework */ = {isa = PBXFileReference; explicitFileType = wrapper.framework; path = Pods_ChatApp.framework; sourceTree = BUILT_PRODUCTS_DIR; };
		04B5070F293C8A1F00EDD10B /* OnboardingViewController.swift */ = {isa = PBXFileReference; lastKnownFileType = sourcecode.swift; path = OnboardingViewController.swift; sourceTree = "<group>"; };
		04B50710293C8A1F00EDD10B /* OnboardingView.xib */ = {isa = PBXFileReference; lastKnownFileType = file.xib; path = OnboardingView.xib; sourceTree = "<group>"; };
		04B50713293C8AAA00EDD10B /* OnboardingPresenter.swift */ = {isa = PBXFileReference; lastKnownFileType = sourcecode.swift; path = OnboardingPresenter.swift; sourceTree = "<group>"; };
		04B50715293C8C5000EDD10B /* OnboardingConfigurator.swift */ = {isa = PBXFileReference; lastKnownFileType = sourcecode.swift; path = OnboardingConfigurator.swift; sourceTree = "<group>"; };
		04B50718293C8F4400EDD10B /* NavigationRoute.swift */ = {isa = PBXFileReference; lastKnownFileType = sourcecode.swift; path = NavigationRoute.swift; sourceTree = "<group>"; };
		04BD633B29362AD5006F1A65 /* User.swift */ = {isa = PBXFileReference; lastKnownFileType = sourcecode.swift; path = User.swift; sourceTree = "<group>"; };
		04BD634229362E1D006F1A65 /* UserLogin.swift */ = {isa = PBXFileReference; lastKnownFileType = sourcecode.swift; path = UserLogin.swift; sourceTree = "<group>"; };
		04BD634429364773006F1A65 /* LoginParameter.swift */ = {isa = PBXFileReference; lastKnownFileType = sourcecode.swift; path = LoginParameter.swift; sourceTree = "<group>"; };
		04D8557B29D962B8006FEED8 /* PodcastRequest.swift */ = {isa = PBXFileReference; lastKnownFileType = sourcecode.swift; path = PodcastRequest.swift; sourceTree = "<group>"; };
		04D8557D29D965DB006FEED8 /* RequestProtocol.swift */ = {isa = PBXFileReference; lastKnownFileType = sourcecode.swift; path = RequestProtocol.swift; sourceTree = "<group>"; };
		04D8557F29D96637006FEED8 /* RequestType.swift */ = {isa = PBXFileReference; lastKnownFileType = sourcecode.swift; path = RequestType.swift; sourceTree = "<group>"; };
		04E5ABDA29374B7800F8E898 /* AuthenticationGateway.swift */ = {isa = PBXFileReference; lastKnownFileType = sourcecode.swift; path = AuthenticationGateway.swift; sourceTree = "<group>"; };
		04E5ABDD29374CEF00F8E898 /* String+Extenions.swift */ = {isa = PBXFileReference; fileEncoding = 4; lastKnownFileType = sourcecode.swift; path = "String+Extenions.swift"; sourceTree = "<group>"; };
		04E5ABDF29374FBC00F8E898 /* UserLoginError.swift */ = {isa = PBXFileReference; fileEncoding = 4; lastKnownFileType = sourcecode.swift; path = UserLoginError.swift; sourceTree = "<group>"; };
		04E5ABEC29375EC300F8E898 /* APIAuthenticationGateway.swift */ = {isa = PBXFileReference; fileEncoding = 4; lastKnownFileType = sourcecode.swift; path = APIAuthenticationGateway.swift; sourceTree = "<group>"; };
		7EF2AA0568F869D758B3EA33 /* Pods_ChatApp.framework */ = {isa = PBXFileReference; explicitFileType = wrapper.framework; includeInIndex = 0; path = Pods_ChatApp.framework; sourceTree = BUILT_PRODUCTS_DIR; };
		9F5774388EEE4B68D6A5E932 /* Pods-MyPodcasts.debug.xcconfig */ = {isa = PBXFileReference; includeInIndex = 1; lastKnownFileType = text.xcconfig; name = "Pods-MyPodcasts.debug.xcconfig"; path = "Target Support Files/Pods-MyPodcasts/Pods-MyPodcasts.debug.xcconfig"; sourceTree = "<group>"; };
		A8C259AE19B924768FE08348 /* Pods_MyPodcasts.framework */ = {isa = PBXFileReference; explicitFileType = wrapper.framework; includeInIndex = 0; path = Pods_MyPodcasts.framework; sourceTree = BUILT_PRODUCTS_DIR; };
		AC83A88C0127E2F0D755A713 /* Pods-ChatApp.release.xcconfig */ = {isa = PBXFileReference; includeInIndex = 1; lastKnownFileType = text.xcconfig; name = "Pods-ChatApp.release.xcconfig"; path = "Target Support Files/Pods-ChatApp/Pods-ChatApp.release.xcconfig"; sourceTree = "<group>"; };
		ACC85BA8B7C97C3B094579E0 /* Pods-ChatApp.debug.xcconfig */ = {isa = PBXFileReference; includeInIndex = 1; lastKnownFileType = text.xcconfig; name = "Pods-ChatApp.debug.xcconfig"; path = "Target Support Files/Pods-ChatApp/Pods-ChatApp.debug.xcconfig"; sourceTree = "<group>"; };
		F21FF97E0A61F695F8325539 /* Pods-MyPodcasts.release.xcconfig */ = {isa = PBXFileReference; includeInIndex = 1; lastKnownFileType = text.xcconfig; name = "Pods-MyPodcasts.release.xcconfig"; path = "Target Support Files/Pods-MyPodcasts/Pods-MyPodcasts.release.xcconfig"; sourceTree = "<group>"; };
/* End PBXFileReference section */

/* Begin PBXFrameworksBuildPhase section */
		045A4C502934F2B40011E6B8 /* Frameworks */ = {
			isa = PBXFrameworksBuildPhase;
			buildActionMask = 2147483647;
			files = (
				1DF227C33FC7284BCF7632B9 /* Pods_MyPodcasts.framework in Frameworks */,
			);
			runOnlyForDeploymentPostprocessing = 0;
		};
		045A4C662934F2B60011E6B8 /* Frameworks */ = {
			isa = PBXFrameworksBuildPhase;
			buildActionMask = 2147483647;
			files = (
			);
			runOnlyForDeploymentPostprocessing = 0;
		};
		045A4C702934F2B60011E6B8 /* Frameworks */ = {
			isa = PBXFrameworksBuildPhase;
			buildActionMask = 2147483647;
			files = (
			);
			runOnlyForDeploymentPostprocessing = 0;
		};
/* End PBXFrameworksBuildPhase section */

/* Begin PBXGroup section */
		044755A329379361000DB74C /* Scenes */ = {
			isa = PBXGroup;
			children = (
				044755A429379361000DB74C /* Authentication */,
			);
			path = Scenes;
			sourceTree = "<group>";
		};
		044755A429379361000DB74C /* Authentication */ = {
			isa = PBXGroup;
			children = (
				04B5070E293C89CD00EDD10B /* Onboarding */,
				044755A529379361000DB74C /* Login */,
			);
			path = Authentication;
			sourceTree = "<group>";
		};
		044755A529379361000DB74C /* Login */ = {
			isa = PBXGroup;
			children = (
				044755A629379361000DB74C /* LoginViewController.xib */,
				044755A729379361000DB74C /* LoginConfigurator.swift */,
				044755A829379361000DB74C /* LoginViewController.swift */,
				044755A929379361000DB74C /* LoginPresenter.swift */,
			);
			path = Login;
			sourceTree = "<group>";
		};
		045A4C4A2934F2B30011E6B8 = {
			isa = PBXGroup;
			children = (
				045A4C552934F2B40011E6B8 /* MyPodcasts */,
				045A4C6C2934F2B60011E6B8 /* MyPodcastsTests */,
				045A4C762934F2B60011E6B8 /* MyPodcastsUITests */,
				045A4C542934F2B40011E6B8 /* Products */,
				E662A11A35E600C3B6F39437 /* Pods */,
				4B6EB1168E1805EDDDC86484 /* Frameworks */,
				049C36132992666700515113 /* Recovered References */,
			);
			sourceTree = "<group>";
		};
		045A4C542934F2B40011E6B8 /* Products */ = {
			isa = PBXGroup;
			children = (
				045A4C532934F2B40011E6B8 /* MyPodcasts.app */,
				045A4C692934F2B60011E6B8 /* MyPodcastsTests.xctest */,
				045A4C732934F2B60011E6B8 /* MyPodcastsUITests.xctest */,
			);
			name = Products;
			sourceTree = "<group>";
		};
		045A4C552934F2B40011E6B8 /* MyPodcasts */ = {
			isa = PBXGroup;
			children = (
				04B50717293C8F1900EDD10B /* NavigationRoutes */,
				04BD633829362A2C006F1A65 /* Core */,
				04E5ABE12937517700F8E898 /* EntityGateway */,
				044755A329379361000DB74C /* Scenes */,
				04E5ABDC29374CD300F8E898 /* Extensions */,
				045A4C562934F2B40011E6B8 /* AppDelegate.swift */,
				045A4C5F2934F2B50011E6B8 /* Assets.xcassets */,
				045A4C642934F2B50011E6B8 /* Info.plist */,
			);
			path = MyPodcasts;
			sourceTree = "<group>";
		};
		045A4C6C2934F2B60011E6B8 /* MyPodcastsTests */ = {
			isa = PBXGroup;
			children = (
				045A4C6D2934F2B60011E6B8 /* MyPodcastsTests.swift */,
			);
			path = MyPodcastsTests;
			sourceTree = "<group>";
		};
		045A4C762934F2B60011E6B8 /* MyPodcastsUITests */ = {
			isa = PBXGroup;
			children = (
				045A4C772934F2B60011E6B8 /* MyPodcastsUITests.swift */,
				045A4C792934F2B60011E6B8 /* MyPodcastsUITestsLaunchTests.swift */,
			);
			path = MyPodcastsUITests;
			sourceTree = "<group>";
		};
		0484503129DEC8EA00278B3F /* BaseRequest */ = {
			isa = PBXGroup;
			children = (
				040DB65A294BBC4D002205C8 /* Remote.swift */,
				04D8557D29D965DB006FEED8 /* RequestProtocol.swift */,
				04D8557F29D96637006FEED8 /* RequestType.swift */,
			);
			path = BaseRequest;
			sourceTree = "<group>";
		};
		049C36132992666700515113 /* Recovered References */ = {
			isa = PBXGroup;
			children = (
				049C360F299265F500515113 /* Pods_ChatApp.framework */,
			);
			name = "Recovered References";
			sourceTree = "<group>";
		};
		04B5070E293C89CD00EDD10B /* Onboarding */ = {
			isa = PBXGroup;
			children = (
				04B5070F293C8A1F00EDD10B /* OnboardingViewController.swift */,
				04B50710293C8A1F00EDD10B /* OnboardingView.xib */,
				04B50713293C8AAA00EDD10B /* OnboardingPresenter.swift */,
				04B50715293C8C5000EDD10B /* OnboardingConfigurator.swift */,
			);
			path = Onboarding;
			sourceTree = "<group>";
		};
		04B50717293C8F1900EDD10B /* NavigationRoutes */ = {
			isa = PBXGroup;
			children = (
				04B50718293C8F4400EDD10B /* NavigationRoute.swift */,
			);
			path = NavigationRoutes;
			sourceTree = "<group>";
		};
		04BD633829362A2C006F1A65 /* Core */ = {
			isa = PBXGroup;
			children = (
				04BD633A29362A4B006F1A65 /* Gateways */,
				04BD633D29362BD3006F1A65 /* UseCases */,
				04BD633929362A39006F1A65 /* Entities */,
			);
			path = Core;
			sourceTree = "<group>";
		};
		04BD633929362A39006F1A65 /* Entities */ = {
			isa = PBXGroup;
			children = (
				04BD633B29362AD5006F1A65 /* User.swift */,
			);
			path = Entities;
			sourceTree = "<group>";
		};
		04BD633A29362A4B006F1A65 /* Gateways */ = {
			isa = PBXGroup;
			children = (
				04E5ABDA29374B7800F8E898 /* AuthenticationGateway.swift */,
			);
			path = Gateways;
			sourceTree = "<group>";
		};
		04BD633D29362BD3006F1A65 /* UseCases */ = {
			isa = PBXGroup;
			children = (
				04BD634029362D6E006F1A65 /* UserLogin */,
			);
			path = UseCases;
			sourceTree = "<group>";
		};
		04BD634029362D6E006F1A65 /* UserLogin */ = {
			isa = PBXGroup;
			children = (
				04BD634229362E1D006F1A65 /* UserLogin.swift */,
				04BD634429364773006F1A65 /* LoginParameter.swift */,
				04E5ABDF29374FBC00F8E898 /* UserLoginError.swift */,
			);
			path = UserLogin;
			sourceTree = "<group>";
		};
		04D8557629D96131006FEED8 /* Networking */ = {
			isa = PBXGroup;
			children = (
				04D8557729D961FE006FEED8 /* EndPointNetwork */,
				04D8557829D96266006FEED8 /* Request */,
				0457DDA329DCD9680019001E /* ApiConstant.swift */,
				0457DDA529DCDA310019001E /* DataParser.swift */,
			);
			path = Networking;
			sourceTree = "<group>";
		};
		04D8557729D961FE006FEED8 /* EndPointNetwork */ = {
			isa = PBXGroup;
			children = (
				040DB655294BBAEF002205C8 /* Network.swift */,
				0457DDA129DCD8D40019001E /* NetworkError.swift */,
			);
			path = EndPointNetwork;
			sourceTree = "<group>";
		};
		04D8557829D96266006FEED8 /* Request */ = {
			isa = PBXGroup;
			children = (
				0484503129DEC8EA00278B3F /* BaseRequest */,
				04D8557929D9628D006FEED8 /* podcast */,
				04D8557A29D96296006FEED8 /* auth */,
			);
			path = Request;
			sourceTree = "<group>";
		};
		04D8557929D9628D006FEED8 /* podcast */ = {
			isa = PBXGroup;
			children = (
				04D8557B29D962B8006FEED8 /* PodcastRequest.swift */,
			);
			path = podcast;
			sourceTree = "<group>";
		};
		04D8557A29D96296006FEED8 /* auth */ = {
			isa = PBXGroup;
			children = (
			);
			path = auth;
			sourceTree = "<group>";
		};
		04E5ABDC29374CD300F8E898 /* Extensions */ = {
			isa = PBXGroup;
			children = (
				04E5ABDD29374CEF00F8E898 /* String+Extenions.swift */,
			);
			path = Extensions;
			sourceTree = "<group>";
		};
		04E5ABE12937517700F8E898 /* EntityGateway */ = {
			isa = PBXGroup;
			children = (
				04E5ABE22937518700F8E898 /* API */,
			);
			path = EntityGateway;
			sourceTree = "<group>";
		};
		04E5ABE22937518700F8E898 /* API */ = {
			isa = PBXGroup;
			children = (
				04E5ABE32937524500F8E898 /* Client */,
				04E5ABEB29375EA900F8E898 /* Gateways */,
			);
			path = API;
			sourceTree = "<group>";
		};
		04E5ABE32937524500F8E898 /* Client */ = {
			isa = PBXGroup;
			children = (
				04D8557629D96131006FEED8 /* Networking */,
			);
			path = Client;
			sourceTree = "<group>";
		};
		04E5ABEB29375EA900F8E898 /* Gateways */ = {
			isa = PBXGroup;
			children = (
				04E5ABEC29375EC300F8E898 /* APIAuthenticationGateway.swift */,
			);
			path = Gateways;
			sourceTree = "<group>";
		};
		4B6EB1168E1805EDDDC86484 /* Frameworks */ = {
			isa = PBXGroup;
			children = (
				7EF2AA0568F869D758B3EA33 /* Pods_ChatApp.framework */,
				A8C259AE19B924768FE08348 /* Pods_MyPodcasts.framework */,
			);
			name = Frameworks;
			sourceTree = "<group>";
		};
		E662A11A35E600C3B6F39437 /* Pods */ = {
			isa = PBXGroup;
			children = (
				ACC85BA8B7C97C3B094579E0 /* Pods-ChatApp.debug.xcconfig */,
				AC83A88C0127E2F0D755A713 /* Pods-ChatApp.release.xcconfig */,
				9F5774388EEE4B68D6A5E932 /* Pods-MyPodcasts.debug.xcconfig */,
				F21FF97E0A61F695F8325539 /* Pods-MyPodcasts.release.xcconfig */,
			);
			path = Pods;
			sourceTree = "<group>";
		};
/* End PBXGroup section */

/* Begin PBXNativeTarget section */
		045A4C522934F2B40011E6B8 /* MyPodcasts */ = {
			isa = PBXNativeTarget;
			buildConfigurationList = 045A4C7D2934F2B60011E6B8 /* Build configuration list for PBXNativeTarget "MyPodcasts" */;
			buildPhases = (
				46A98601B4D110ABEC9B254B /* [CP] Check Pods Manifest.lock */,
				04BBC643293614A000FB333D /* SwiftLint */,
				045A4C4F2934F2B40011E6B8 /* Sources */,
				045A4C502934F2B40011E6B8 /* Frameworks */,
				045A4C512934F2B40011E6B8 /* Resources */,
				0E1F687C16C59B187346FA87 /* [CP] Embed Pods Frameworks */,
			);
			buildRules = (
			);
			dependencies = (
			);
			name = MyPodcasts;
			productName = ChatApp;
			productReference = 045A4C532934F2B40011E6B8 /* MyPodcasts.app */;
			productType = "com.apple.product-type.application";
		};
		045A4C682934F2B60011E6B8 /* MyPodcastsTests */ = {
			isa = PBXNativeTarget;
			buildConfigurationList = 045A4C802934F2B60011E6B8 /* Build configuration list for PBXNativeTarget "MyPodcastsTests" */;
			buildPhases = (
				045A4C652934F2B60011E6B8 /* Sources */,
				045A4C662934F2B60011E6B8 /* Frameworks */,
				045A4C672934F2B60011E6B8 /* Resources */,
			);
			buildRules = (
			);
			dependencies = (
				045A4C6B2934F2B60011E6B8 /* PBXTargetDependency */,
			);
			name = MyPodcastsTests;
			productName = ChatAppTests;
			productReference = 045A4C692934F2B60011E6B8 /* MyPodcastsTests.xctest */;
			productType = "com.apple.product-type.bundle.unit-test";
		};
		045A4C722934F2B60011E6B8 /* MyPodcastsUITests */ = {
			isa = PBXNativeTarget;
			buildConfigurationList = 045A4C832934F2B60011E6B8 /* Build configuration list for PBXNativeTarget "MyPodcastsUITests" */;
			buildPhases = (
				045A4C6F2934F2B60011E6B8 /* Sources */,
				045A4C702934F2B60011E6B8 /* Frameworks */,
				045A4C712934F2B60011E6B8 /* Resources */,
			);
			buildRules = (
			);
			dependencies = (
				045A4C752934F2B60011E6B8 /* PBXTargetDependency */,
			);
			name = MyPodcastsUITests;
			productName = ChatAppUITests;
			productReference = 045A4C732934F2B60011E6B8 /* MyPodcastsUITests.xctest */;
			productType = "com.apple.product-type.bundle.ui-testing";
		};
/* End PBXNativeTarget section */

/* Begin PBXProject section */
		045A4C4B2934F2B30011E6B8 /* Project object */ = {
			isa = PBXProject;
			attributes = {
				BuildIndependentTargetsInParallel = 1;
				LastSwiftUpdateCheck = 1410;
				LastUpgradeCheck = 1410;
				TargetAttributes = {
					045A4C522934F2B40011E6B8 = {
						CreatedOnToolsVersion = 14.1;
					};
					045A4C682934F2B60011E6B8 = {
						CreatedOnToolsVersion = 14.1;
						TestTargetID = 045A4C522934F2B40011E6B8;
					};
					045A4C722934F2B60011E6B8 = {
						CreatedOnToolsVersion = 14.1;
						TestTargetID = 045A4C522934F2B40011E6B8;
					};
				};
			};
			buildConfigurationList = 045A4C4E2934F2B30011E6B8 /* Build configuration list for PBXProject "MyPodcasts" */;
			compatibilityVersion = "Xcode 14.0";
			developmentRegion = en;
			hasScannedForEncodings = 0;
			knownRegions = (
				en,
				Base,
			);
			mainGroup = 045A4C4A2934F2B30011E6B8;
			productRefGroup = 045A4C542934F2B40011E6B8 /* Products */;
			projectDirPath = "";
			projectRoot = "";
			targets = (
				045A4C522934F2B40011E6B8 /* MyPodcasts */,
				045A4C682934F2B60011E6B8 /* MyPodcastsTests */,
				045A4C722934F2B60011E6B8 /* MyPodcastsUITests */,
			);
		};
/* End PBXProject section */

/* Begin PBXResourcesBuildPhase section */
		045A4C512934F2B40011E6B8 /* Resources */ = {
			isa = PBXResourcesBuildPhase;
			buildActionMask = 2147483647;
			files = (
				04B50712293C8A1F00EDD10B /* OnboardingView.xib in Resources */,
				045A4C602934F2B50011E6B8 /* Assets.xcassets in Resources */,
				044755AA29379361000DB74C /* LoginViewController.xib in Resources */,
			);
			runOnlyForDeploymentPostprocessing = 0;
		};
		045A4C672934F2B60011E6B8 /* Resources */ = {
			isa = PBXResourcesBuildPhase;
			buildActionMask = 2147483647;
			files = (
			);
			runOnlyForDeploymentPostprocessing = 0;
		};
		045A4C712934F2B60011E6B8 /* Resources */ = {
			isa = PBXResourcesBuildPhase;
			buildActionMask = 2147483647;
			files = (
			);
			runOnlyForDeploymentPostprocessing = 0;
		};
/* End PBXResourcesBuildPhase section */

/* Begin PBXShellScriptBuildPhase section */
		04BBC643293614A000FB333D /* SwiftLint */ = {
			isa = PBXShellScriptBuildPhase;
			alwaysOutOfDate = 1;
			buildActionMask = 2147483647;
			files = (
			);
			inputFileListPaths = (
			);
			inputPaths = (
			);
			name = SwiftLint;
			outputFileListPaths = (
			);
			outputPaths = (
			);
			runOnlyForDeploymentPostprocessing = 0;
			shellPath = /bin/sh;
			shellScript = "\"${PODS_ROOT}/SwiftLint/swiftlint\"\n";
		};
		0E1F687C16C59B187346FA87 /* [CP] Embed Pods Frameworks */ = {
			isa = PBXShellScriptBuildPhase;
			buildActionMask = 2147483647;
			files = (
			);
			inputFileListPaths = (
				"${PODS_ROOT}/Target Support Files/Pods-MyPodcasts/Pods-MyPodcasts-frameworks-${CONFIGURATION}-input-files.xcfilelist",
			);
			name = "[CP] Embed Pods Frameworks";
			outputFileListPaths = (
				"${PODS_ROOT}/Target Support Files/Pods-MyPodcasts/Pods-MyPodcasts-frameworks-${CONFIGURATION}-output-files.xcfilelist",
			);
			runOnlyForDeploymentPostprocessing = 0;
			shellPath = /bin/sh;
			shellScript = "\"${PODS_ROOT}/Target Support Files/Pods-MyPodcasts/Pods-MyPodcasts-frameworks.sh\"\n";
			showEnvVarsInLog = 0;
		};
		46A98601B4D110ABEC9B254B /* [CP] Check Pods Manifest.lock */ = {
			isa = PBXShellScriptBuildPhase;
			buildActionMask = 2147483647;
			files = (
			);
			inputFileListPaths = (
			);
			inputPaths = (
				"${PODS_PODFILE_DIR_PATH}/Podfile.lock",
				"${PODS_ROOT}/Manifest.lock",
			);
			name = "[CP] Check Pods Manifest.lock";
			outputFileListPaths = (
			);
			outputPaths = (
				"$(DERIVED_FILE_DIR)/Pods-MyPodcasts-checkManifestLockResult.txt",
			);
			runOnlyForDeploymentPostprocessing = 0;
			shellPath = /bin/sh;
			shellScript = "diff \"${PODS_PODFILE_DIR_PATH}/Podfile.lock\" \"${PODS_ROOT}/Manifest.lock\" > /dev/null\nif [ $? != 0 ] ; then\n    # print error to STDERR\n    echo \"error: The sandbox is not in sync with the Podfile.lock. Run 'pod install' or update your CocoaPods installation.\" >&2\n    exit 1\nfi\n# This output is used by Xcode 'outputs' to avoid re-running this script phase.\necho \"SUCCESS\" > \"${SCRIPT_OUTPUT_FILE_0}\"\n";
			showEnvVarsInLog = 0;
		};
/* End PBXShellScriptBuildPhase section */

/* Begin PBXSourcesBuildPhase section */
		045A4C4F2934F2B40011E6B8 /* Sources */ = {
			isa = PBXSourcesBuildPhase;
			buildActionMask = 2147483647;
			files = (
				04D8557C29D962B8006FEED8 /* PodcastRequest.swift in Sources */,
				044755AC29379361000DB74C /* LoginViewController.swift in Sources */,
				04E5ABDE29374CEF00F8E898 /* String+Extenions.swift in Sources */,
				04E5ABED29375EC400F8E898 /* APIAuthenticationGateway.swift in Sources */,
				044755AB29379361000DB74C /* LoginConfigurator.swift in Sources */,
				04E5ABDB29374B7800F8E898 /* AuthenticationGateway.swift in Sources */,
				0457DDA229DCD8D40019001E /* NetworkError.swift in Sources */,
				04B50719293C8F4400EDD10B /* NavigationRoute.swift in Sources */,
				04BD633C29362AD5006F1A65 /* User.swift in Sources */,
				04B50716293C8C5000EDD10B /* OnboardingConfigurator.swift in Sources */,
				04BD634529364773006F1A65 /* LoginParameter.swift in Sources */,
				044755AD29379361000DB74C /* LoginPresenter.swift in Sources */,
				040DB656294BBAEF002205C8 /* Network.swift in Sources */,
				0457DDA629DCDA310019001E /* DataParser.swift in Sources */,
				04E5ABE029374FBC00F8E898 /* UserLoginError.swift in Sources */,
				0457DDA429DCD9680019001E /* ApiConstant.swift in Sources */,
				04BD634329362E1D006F1A65 /* UserLogin.swift in Sources */,
				040DB65B294BBC4D002205C8 /* Remote.swift in Sources */,
				04B50714293C8AAA00EDD10B /* OnboardingPresenter.swift in Sources */,
				04D8557E29D965DB006FEED8 /* RequestProtocol.swift in Sources */,
				04D8558029D96637006FEED8 /* RequestType.swift in Sources */,
				045A4C572934F2B40011E6B8 /* AppDelegate.swift in Sources */,
				04B50711293C8A1F00EDD10B /* OnboardingViewController.swift in Sources */,
			);
			runOnlyForDeploymentPostprocessing = 0;
		};
		045A4C652934F2B60011E6B8 /* Sources */ = {
			isa = PBXSourcesBuildPhase;
			buildActionMask = 2147483647;
			files = (
				045A4C6E2934F2B60011E6B8 /* MyPodcastsTests.swift in Sources */,
			);
			runOnlyForDeploymentPostprocessing = 0;
		};
		045A4C6F2934F2B60011E6B8 /* Sources */ = {
			isa = PBXSourcesBuildPhase;
			buildActionMask = 2147483647;
			files = (
				045A4C7A2934F2B60011E6B8 /* MyPodcastsUITestsLaunchTests.swift in Sources */,
				045A4C782934F2B60011E6B8 /* MyPodcastsUITests.swift in Sources */,
			);
			runOnlyForDeploymentPostprocessing = 0;
		};
/* End PBXSourcesBuildPhase section */

/* Begin PBXTargetDependency section */
		045A4C6B2934F2B60011E6B8 /* PBXTargetDependency */ = {
			isa = PBXTargetDependency;
			target = 045A4C522934F2B40011E6B8 /* MyPodcasts */;
			targetProxy = 045A4C6A2934F2B60011E6B8 /* PBXContainerItemProxy */;
		};
		045A4C752934F2B60011E6B8 /* PBXTargetDependency */ = {
			isa = PBXTargetDependency;
			target = 045A4C522934F2B40011E6B8 /* MyPodcasts */;
			targetProxy = 045A4C742934F2B60011E6B8 /* PBXContainerItemProxy */;
		};
/* End PBXTargetDependency section */

/* Begin XCBuildConfiguration section */
		045A4C7B2934F2B60011E6B8 /* Debug */ = {
			isa = XCBuildConfiguration;
			buildSettings = {
				ALWAYS_SEARCH_USER_PATHS = NO;
				CLANG_ANALYZER_NONNULL = YES;
				CLANG_ANALYZER_NUMBER_OBJECT_CONVERSION = YES_AGGRESSIVE;
				CLANG_CXX_LANGUAGE_STANDARD = "gnu++20";
				CLANG_ENABLE_MODULES = YES;
				CLANG_ENABLE_OBJC_ARC = YES;
				CLANG_ENABLE_OBJC_WEAK = YES;
				CLANG_WARN_BLOCK_CAPTURE_AUTORELEASING = YES;
				CLANG_WARN_BOOL_CONVERSION = YES;
				CLANG_WARN_COMMA = YES;
				CLANG_WARN_CONSTANT_CONVERSION = YES;
				CLANG_WARN_DEPRECATED_OBJC_IMPLEMENTATIONS = YES;
				CLANG_WARN_DIRECT_OBJC_ISA_USAGE = YES_ERROR;
				CLANG_WARN_DOCUMENTATION_COMMENTS = YES;
				CLANG_WARN_EMPTY_BODY = YES;
				CLANG_WARN_ENUM_CONVERSION = YES;
				CLANG_WARN_INFINITE_RECURSION = YES;
				CLANG_WARN_INT_CONVERSION = YES;
				CLANG_WARN_NON_LITERAL_NULL_CONVERSION = YES;
				CLANG_WARN_OBJC_IMPLICIT_RETAIN_SELF = YES;
				CLANG_WARN_OBJC_LITERAL_CONVERSION = YES;
				CLANG_WARN_OBJC_ROOT_CLASS = YES_ERROR;
				CLANG_WARN_QUOTED_INCLUDE_IN_FRAMEWORK_HEADER = YES;
				CLANG_WARN_RANGE_LOOP_ANALYSIS = YES;
				CLANG_WARN_STRICT_PROTOTYPES = YES;
				CLANG_WARN_SUSPICIOUS_MOVE = YES;
				CLANG_WARN_UNGUARDED_AVAILABILITY = YES_AGGRESSIVE;
				CLANG_WARN_UNREACHABLE_CODE = YES;
				CLANG_WARN__DUPLICATE_METHOD_MATCH = YES;
				COPY_PHASE_STRIP = NO;
				DEBUG_INFORMATION_FORMAT = dwarf;
				ENABLE_STRICT_OBJC_MSGSEND = YES;
				ENABLE_TESTABILITY = YES;
				GCC_C_LANGUAGE_STANDARD = gnu11;
				GCC_DYNAMIC_NO_PIC = NO;
				GCC_NO_COMMON_BLOCKS = YES;
				GCC_OPTIMIZATION_LEVEL = 0;
				GCC_PREPROCESSOR_DEFINITIONS = (
					"DEBUG=1",
					"$(inherited)",
				);
				GCC_WARN_64_TO_32_BIT_CONVERSION = YES;
				GCC_WARN_ABOUT_RETURN_TYPE = YES_ERROR;
				GCC_WARN_UNDECLARED_SELECTOR = YES;
				GCC_WARN_UNINITIALIZED_AUTOS = YES_AGGRESSIVE;
				GCC_WARN_UNUSED_FUNCTION = YES;
				GCC_WARN_UNUSED_VARIABLE = YES;
				IPHONEOS_DEPLOYMENT_TARGET = 16.1;
				MTL_ENABLE_DEBUG_INFO = INCLUDE_SOURCE;
				MTL_FAST_MATH = YES;
				ONLY_ACTIVE_ARCH = YES;
				SDKROOT = iphoneos;
				SWIFT_ACTIVE_COMPILATION_CONDITIONS = DEBUG;
				SWIFT_OPTIMIZATION_LEVEL = "-Onone";
			};
			name = Debug;
		};
		045A4C7C2934F2B60011E6B8 /* Release */ = {
			isa = XCBuildConfiguration;
			buildSettings = {
				ALWAYS_SEARCH_USER_PATHS = NO;
				CLANG_ANALYZER_NONNULL = YES;
				CLANG_ANALYZER_NUMBER_OBJECT_CONVERSION = YES_AGGRESSIVE;
				CLANG_CXX_LANGUAGE_STANDARD = "gnu++20";
				CLANG_ENABLE_MODULES = YES;
				CLANG_ENABLE_OBJC_ARC = YES;
				CLANG_ENABLE_OBJC_WEAK = YES;
				CLANG_WARN_BLOCK_CAPTURE_AUTORELEASING = YES;
				CLANG_WARN_BOOL_CONVERSION = YES;
				CLANG_WARN_COMMA = YES;
				CLANG_WARN_CONSTANT_CONVERSION = YES;
				CLANG_WARN_DEPRECATED_OBJC_IMPLEMENTATIONS = YES;
				CLANG_WARN_DIRECT_OBJC_ISA_USAGE = YES_ERROR;
				CLANG_WARN_DOCUMENTATION_COMMENTS = YES;
				CLANG_WARN_EMPTY_BODY = YES;
				CLANG_WARN_ENUM_CONVERSION = YES;
				CLANG_WARN_INFINITE_RECURSION = YES;
				CLANG_WARN_INT_CONVERSION = YES;
				CLANG_WARN_NON_LITERAL_NULL_CONVERSION = YES;
				CLANG_WARN_OBJC_IMPLICIT_RETAIN_SELF = YES;
				CLANG_WARN_OBJC_LITERAL_CONVERSION = YES;
				CLANG_WARN_OBJC_ROOT_CLASS = YES_ERROR;
				CLANG_WARN_QUOTED_INCLUDE_IN_FRAMEWORK_HEADER = YES;
				CLANG_WARN_RANGE_LOOP_ANALYSIS = YES;
				CLANG_WARN_STRICT_PROTOTYPES = YES;
				CLANG_WARN_SUSPICIOUS_MOVE = YES;
				CLANG_WARN_UNGUARDED_AVAILABILITY = YES_AGGRESSIVE;
				CLANG_WARN_UNREACHABLE_CODE = YES;
				CLANG_WARN__DUPLICATE_METHOD_MATCH = YES;
				COPY_PHASE_STRIP = NO;
				DEBUG_INFORMATION_FORMAT = "dwarf-with-dsym";
				ENABLE_NS_ASSERTIONS = NO;
				ENABLE_STRICT_OBJC_MSGSEND = YES;
				GCC_C_LANGUAGE_STANDARD = gnu11;
				GCC_NO_COMMON_BLOCKS = YES;
				GCC_WARN_64_TO_32_BIT_CONVERSION = YES;
				GCC_WARN_ABOUT_RETURN_TYPE = YES_ERROR;
				GCC_WARN_UNDECLARED_SELECTOR = YES;
				GCC_WARN_UNINITIALIZED_AUTOS = YES_AGGRESSIVE;
				GCC_WARN_UNUSED_FUNCTION = YES;
				GCC_WARN_UNUSED_VARIABLE = YES;
				IPHONEOS_DEPLOYMENT_TARGET = 16.1;
				MTL_ENABLE_DEBUG_INFO = NO;
				MTL_FAST_MATH = YES;
				SDKROOT = iphoneos;
				SWIFT_COMPILATION_MODE = wholemodule;
				SWIFT_OPTIMIZATION_LEVEL = "-O";
				VALIDATE_PRODUCT = YES;
			};
			name = Release;
		};
		045A4C7E2934F2B60011E6B8 /* Debug */ = {
			isa = XCBuildConfiguration;
			baseConfigurationReference = 9F5774388EEE4B68D6A5E932 /* Pods-MyPodcasts.debug.xcconfig */;
			buildSettings = {
				ASSETCATALOG_COMPILER_APPICON_NAME = AppIcon;
				ASSETCATALOG_COMPILER_GLOBAL_ACCENT_COLOR_NAME = AccentColor;
				CODE_SIGN_STYLE = Automatic;
				CURRENT_PROJECT_VERSION = 1;
				DEVELOPMENT_TEAM = DATQ4VHWY9;
				GCC_WARN_INHIBIT_ALL_WARNINGS = NO;
				GENERATE_INFOPLIST_FILE = YES;
				INFOPLIST_FILE = MyPodcasts/Info.plist;
				INFOPLIST_KEY_UIApplicationSupportsIndirectInputEvents = YES;
				INFOPLIST_KEY_UILaunchStoryboardName = LaunchScreen;
				INFOPLIST_KEY_UIMainStoryboardFile = "";
				INFOPLIST_KEY_UISupportedInterfaceOrientations_iPad = "UIInterfaceOrientationPortrait UIInterfaceOrientationPortraitUpsideDown UIInterfaceOrientationLandscapeLeft UIInterfaceOrientationLandscapeRight";
				INFOPLIST_KEY_UISupportedInterfaceOrientations_iPhone = "UIInterfaceOrientationPortrait UIInterfaceOrientationLandscapeLeft UIInterfaceOrientationLandscapeRight";
				IPHONEOS_DEPLOYMENT_TARGET = 14.1;
				LD_RUNPATH_SEARCH_PATHS = (
					"$(inherited)",
					"@executable_path/Frameworks",
				);
				MARKETING_VERSION = 1.0;
				PRODUCT_BUNDLE_IDENTIFIER = com.tamkeen.MyPodcasts;
				PRODUCT_NAME = "$(TARGET_NAME)";
				SWIFT_EMIT_LOC_STRINGS = YES;
				SWIFT_VERSION = 5.0;
				TARGETED_DEVICE_FAMILY = "1,2";
			};
			name = Debug;
		};
		045A4C7F2934F2B60011E6B8 /* Release */ = {
			isa = XCBuildConfiguration;
			baseConfigurationReference = F21FF97E0A61F695F8325539 /* Pods-MyPodcasts.release.xcconfig */;
			buildSettings = {
				ASSETCATALOG_COMPILER_APPICON_NAME = AppIcon;
				ASSETCATALOG_COMPILER_GLOBAL_ACCENT_COLOR_NAME = AccentColor;
				CODE_SIGN_STYLE = Automatic;
				CURRENT_PROJECT_VERSION = 1;
				DEVELOPMENT_TEAM = DATQ4VHWY9;
				GCC_WARN_INHIBIT_ALL_WARNINGS = NO;
				GENERATE_INFOPLIST_FILE = YES;
				INFOPLIST_FILE = MyPodcasts/Info.plist;
				INFOPLIST_KEY_UIApplicationSupportsIndirectInputEvents = YES;
				INFOPLIST_KEY_UILaunchStoryboardName = LaunchScreen;
				INFOPLIST_KEY_UIMainStoryboardFile = "";
				INFOPLIST_KEY_UISupportedInterfaceOrientations_iPad = "UIInterfaceOrientationPortrait UIInterfaceOrientationPortraitUpsideDown UIInterfaceOrientationLandscapeLeft UIInterfaceOrientationLandscapeRight";
				INFOPLIST_KEY_UISupportedInterfaceOrientations_iPhone = "UIInterfaceOrientationPortrait UIInterfaceOrientationLandscapeLeft UIInterfaceOrientationLandscapeRight";
				IPHONEOS_DEPLOYMENT_TARGET = 14.1;
				LD_RUNPATH_SEARCH_PATHS = (
					"$(inherited)",
					"@executable_path/Frameworks",
				);
				MARKETING_VERSION = 1.0;
				PRODUCT_BUNDLE_IDENTIFIER = com.tamkeen.MyPodcasts;
				PRODUCT_NAME = "$(TARGET_NAME)";
				SWIFT_EMIT_LOC_STRINGS = YES;
				SWIFT_VERSION = 5.0;
				TARGETED_DEVICE_FAMILY = "1,2";
			};
			name = Release;
		};
		045A4C812934F2B60011E6B8 /* Debug */ = {
			isa = XCBuildConfiguration;
			buildSettings = {
				ALWAYS_EMBED_SWIFT_STANDARD_LIBRARIES = YES;
				BUNDLE_LOADER = "$(TEST_HOST)";
				CODE_SIGN_STYLE = Automatic;
				CURRENT_PROJECT_VERSION = 1;
				GENERATE_INFOPLIST_FILE = YES;
				IPHONEOS_DEPLOYMENT_TARGET = 16.1;
				MARKETING_VERSION = 1.0;
				PRODUCT_BUNDLE_IDENTIFIER = com.tamkeen.MyPodcastsTests;
				PRODUCT_NAME = "$(TARGET_NAME)";
				SWIFT_EMIT_LOC_STRINGS = NO;
				SWIFT_VERSION = 5.0;
				TARGETED_DEVICE_FAMILY = "1,2";
				TEST_HOST = "$(BUILT_PRODUCTS_DIR)/MyPodcasts.app/$(BUNDLE_EXECUTABLE_FOLDER_PATH)/MyPodcasts";
			};
			name = Debug;
		};
		045A4C822934F2B60011E6B8 /* Release */ = {
			isa = XCBuildConfiguration;
			buildSettings = {
				ALWAYS_EMBED_SWIFT_STANDARD_LIBRARIES = YES;
				BUNDLE_LOADER = "$(TEST_HOST)";
				CODE_SIGN_STYLE = Automatic;
				CURRENT_PROJECT_VERSION = 1;
				GENERATE_INFOPLIST_FILE = YES;
				IPHONEOS_DEPLOYMENT_TARGET = 16.1;
				MARKETING_VERSION = 1.0;
				PRODUCT_BUNDLE_IDENTIFIER = com.tamkeen.MyPodcastsTests;
				PRODUCT_NAME = "$(TARGET_NAME)";
				SWIFT_EMIT_LOC_STRINGS = NO;
				SWIFT_VERSION = 5.0;
				TARGETED_DEVICE_FAMILY = "1,2";
				TEST_HOST = "$(BUILT_PRODUCTS_DIR)/MyPodcasts.app/$(BUNDLE_EXECUTABLE_FOLDER_PATH)/MyPodcasts";
			};
			name = Release;
		};
		045A4C842934F2B60011E6B8 /* Debug */ = {
			isa = XCBuildConfiguration;
			buildSettings = {
				ALWAYS_EMBED_SWIFT_STANDARD_LIBRARIES = YES;
				CODE_SIGN_STYLE = Automatic;
				CURRENT_PROJECT_VERSION = 1;
				GENERATE_INFOPLIST_FILE = YES;
				MARKETING_VERSION = 1.0;
				PRODUCT_BUNDLE_IDENTIFIER = com.tamkeen.MyPodcastsUITests;
				PRODUCT_NAME = "$(TARGET_NAME)";
				SWIFT_EMIT_LOC_STRINGS = NO;
				SWIFT_VERSION = 5.0;
				TARGETED_DEVICE_FAMILY = "1,2";
				TEST_TARGET_NAME = MyPodcasts;
			};
			name = Debug;
		};
		045A4C852934F2B60011E6B8 /* Release */ = {
			isa = XCBuildConfiguration;
			buildSettings = {
				ALWAYS_EMBED_SWIFT_STANDARD_LIBRARIES = YES;
				CODE_SIGN_STYLE = Automatic;
				CURRENT_PROJECT_VERSION = 1;
				GENERATE_INFOPLIST_FILE = YES;
				MARKETING_VERSION = 1.0;
				PRODUCT_BUNDLE_IDENTIFIER = com.tamkeen.MyPodcastsUITests;
				PRODUCT_NAME = "$(TARGET_NAME)";
				SWIFT_EMIT_LOC_STRINGS = NO;
				SWIFT_VERSION = 5.0;
				TARGETED_DEVICE_FAMILY = "1,2";
				TEST_TARGET_NAME = MyPodcasts;
			};
			name = Release;
		};
/* End XCBuildConfiguration section */

/* Begin XCConfigurationList section */
		045A4C4E2934F2B30011E6B8 /* Build configuration list for PBXProject "MyPodcasts" */ = {
			isa = XCConfigurationList;
			buildConfigurations = (
				045A4C7B2934F2B60011E6B8 /* Debug */,
				045A4C7C2934F2B60011E6B8 /* Release */,
			);
			defaultConfigurationIsVisible = 0;
			defaultConfigurationName = Release;
		};
		045A4C7D2934F2B60011E6B8 /* Build configuration list for PBXNativeTarget "MyPodcasts" */ = {
			isa = XCConfigurationList;
			buildConfigurations = (
				045A4C7E2934F2B60011E6B8 /* Debug */,
				045A4C7F2934F2B60011E6B8 /* Release */,
			);
			defaultConfigurationIsVisible = 0;
			defaultConfigurationName = Release;
		};
		045A4C802934F2B60011E6B8 /* Build configuration list for PBXNativeTarget "MyPodcastsTests" */ = {
			isa = XCConfigurationList;
			buildConfigurations = (
				045A4C812934F2B60011E6B8 /* Debug */,
				045A4C822934F2B60011E6B8 /* Release */,
			);
			defaultConfigurationIsVisible = 0;
			defaultConfigurationName = Release;
		};
		045A4C832934F2B60011E6B8 /* Build configuration list for PBXNativeTarget "MyPodcastsUITests" */ = {
			isa = XCConfigurationList;
			buildConfigurations = (
				045A4C842934F2B60011E6B8 /* Debug */,
				045A4C852934F2B60011E6B8 /* Release */,
			);
			defaultConfigurationIsVisible = 0;
			defaultConfigurationName = Release;
		};
/* End XCConfigurationList section */
	};
	rootObject = 045A4C4B2934F2B30011E6B8 /* Project object */;
}
