// !$*UTF8*$!
{
	archiveVersion = 1;
	classes = {
	};
	objectVersion = 56;
	objects = {

/* Begin PBXBuildFile section */
		045A4C572934F2B40011E6B8 /* AppDelegate.swift in Sources */ = {isa = PBXBuildFile; fileRef = 045A4C562934F2B40011E6B8 /* AppDelegate.swift */; };
		045A4C592934F2B40011E6B8 /* SceneDelegate.swift in Sources */ = {isa = PBXBuildFile; fileRef = 045A4C582934F2B40011E6B8 /* SceneDelegate.swift */; };
		045A4C5B2934F2B40011E6B8 /* ViewController.swift in Sources */ = {isa = PBXBuildFile; fileRef = 045A4C5A2934F2B40011E6B8 /* ViewController.swift */; };
		045A4C5E2934F2B40011E6B8 /* Main.storyboard in Resources */ = {isa = PBXBuildFile; fileRef = 045A4C5C2934F2B40011E6B8 /* Main.storyboard */; };
		045A4C602934F2B50011E6B8 /* Assets.xcassets in Resources */ = {isa = PBXBuildFile; fileRef = 045A4C5F2934F2B50011E6B8 /* Assets.xcassets */; };
		045A4C632934F2B50011E6B8 /* LaunchScreen.storyboard in Resources */ = {isa = PBXBuildFile; fileRef = 045A4C612934F2B50011E6B8 /* LaunchScreen.storyboard */; };
		045A4C6E2934F2B60011E6B8 /* ChatAppTests.swift in Sources */ = {isa = PBXBuildFile; fileRef = 045A4C6D2934F2B60011E6B8 /* ChatAppTests.swift */; };
		045A4C782934F2B60011E6B8 /* ChatAppUITests.swift in Sources */ = {isa = PBXBuildFile; fileRef = 045A4C772934F2B60011E6B8 /* ChatAppUITests.swift */; };
		045A4C7A2934F2B60011E6B8 /* ChatAppUITestsLaunchTests.swift in Sources */ = {isa = PBXBuildFile; fileRef = 045A4C792934F2B60011E6B8 /* ChatAppUITestsLaunchTests.swift */; };
		04BD633C29362AD5006F1A65 /* User.swift in Sources */ = {isa = PBXBuildFile; fileRef = 04BD633B29362AD5006F1A65 /* User.swift */; };
		AC6697ABEDC3F33A80BB95E4 /* Pods_ChatApp.framework in Frameworks */ = {isa = PBXBuildFile; fileRef = 7EF2AA0568F869D758B3EA33 /* Pods_ChatApp.framework */; };
/* End PBXBuildFile section */

/* Begin PBXContainerItemProxy section */
		045A4C6A2934F2B60011E6B8 /* PBXContainerItemProxy */ = {
			isa = PBXContainerItemProxy;
			containerPortal = 045A4C4B2934F2B30011E6B8 /* Project object */;
			proxyType = 1;
			remoteGlobalIDString = 045A4C522934F2B40011E6B8;
			remoteInfo = ChatApp;
		};
		045A4C742934F2B60011E6B8 /* PBXContainerItemProxy */ = {
			isa = PBXContainerItemProxy;
			containerPortal = 045A4C4B2934F2B30011E6B8 /* Project object */;
			proxyType = 1;
			remoteGlobalIDString = 045A4C522934F2B40011E6B8;
			remoteInfo = ChatApp;
		};
/* End PBXContainerItemProxy section */

/* Begin PBXFileReference section */
		045A4C532934F2B40011E6B8 /* ChatApp.app */ = {isa = PBXFileReference; explicitFileType = wrapper.application; includeInIndex = 0; path = ChatApp.app; sourceTree = BUILT_PRODUCTS_DIR; };
		045A4C562934F2B40011E6B8 /* AppDelegate.swift */ = {isa = PBXFileReference; lastKnownFileType = sourcecode.swift; path = AppDelegate.swift; sourceTree = "<group>"; };
		045A4C582934F2B40011E6B8 /* SceneDelegate.swift */ = {isa = PBXFileReference; lastKnownFileType = sourcecode.swift; path = SceneDelegate.swift; sourceTree = "<group>"; };
		045A4C5A2934F2B40011E6B8 /* ViewController.swift */ = {isa = PBXFileReference; lastKnownFileType = sourcecode.swift; path = ViewController.swift; sourceTree = "<group>"; };
		045A4C5D2934F2B40011E6B8 /* Base */ = {isa = PBXFileReference; lastKnownFileType = file.storyboard; name = Base; path = Base.lproj/Main.storyboard; sourceTree = "<group>"; };
		045A4C5F2934F2B50011E6B8 /* Assets.xcassets */ = {isa = PBXFileReference; lastKnownFileType = folder.assetcatalog; path = Assets.xcassets; sourceTree = "<group>"; };
		045A4C622934F2B50011E6B8 /* Base */ = {isa = PBXFileReference; lastKnownFileType = file.storyboard; name = Base; path = Base.lproj/LaunchScreen.storyboard; sourceTree = "<group>"; };
		045A4C642934F2B50011E6B8 /* Info.plist */ = {isa = PBXFileReference; lastKnownFileType = text.plist.xml; path = Info.plist; sourceTree = "<group>"; };
		045A4C692934F2B60011E6B8 /* ChatAppTests.xctest */ = {isa = PBXFileReference; explicitFileType = wrapper.cfbundle; includeInIndex = 0; path = ChatAppTests.xctest; sourceTree = BUILT_PRODUCTS_DIR; };
		045A4C6D2934F2B60011E6B8 /* ChatAppTests.swift */ = {isa = PBXFileReference; lastKnownFileType = sourcecode.swift; path = ChatAppTests.swift; sourceTree = "<group>"; };
		045A4C732934F2B60011E6B8 /* ChatAppUITests.xctest */ = {isa = PBXFileReference; explicitFileType = wrapper.cfbundle; includeInIndex = 0; path = ChatAppUITests.xctest; sourceTree = BUILT_PRODUCTS_DIR; };
		045A4C772934F2B60011E6B8 /* ChatAppUITests.swift */ = {isa = PBXFileReference; lastKnownFileType = sourcecode.swift; path = ChatAppUITests.swift; sourceTree = "<group>"; };
		045A4C792934F2B60011E6B8 /* ChatAppUITestsLaunchTests.swift */ = {isa = PBXFileReference; lastKnownFileType = sourcecode.swift; path = ChatAppUITestsLaunchTests.swift; sourceTree = "<group>"; };
		04BD633B29362AD5006F1A65 /* User.swift */ = {isa = PBXFileReference; lastKnownFileType = sourcecode.swift; path = User.swift; sourceTree = "<group>"; };
		7EF2AA0568F869D758B3EA33 /* Pods_ChatApp.framework */ = {isa = PBXFileReference; explicitFileType = wrapper.framework; includeInIndex = 0; path = Pods_ChatApp.framework; sourceTree = BUILT_PRODUCTS_DIR; };
		AC83A88C0127E2F0D755A713 /* Pods-ChatApp.release.xcconfig */ = {isa = PBXFileReference; includeInIndex = 1; lastKnownFileType = text.xcconfig; name = "Pods-ChatApp.release.xcconfig"; path = "Target Support Files/Pods-ChatApp/Pods-ChatApp.release.xcconfig"; sourceTree = "<group>"; };
		ACC85BA8B7C97C3B094579E0 /* Pods-ChatApp.debug.xcconfig */ = {isa = PBXFileReference; includeInIndex = 1; lastKnownFileType = text.xcconfig; name = "Pods-ChatApp.debug.xcconfig"; path = "Target Support Files/Pods-ChatApp/Pods-ChatApp.debug.xcconfig"; sourceTree = "<group>"; };
/* End PBXFileReference section */

/* Begin PBXFrameworksBuildPhase section */
		045A4C502934F2B40011E6B8 /* Frameworks */ = {
			isa = PBXFrameworksBuildPhase;
			buildActionMask = 2147483647;
			files = (
				AC6697ABEDC3F33A80BB95E4 /* Pods_ChatApp.framework in Frameworks */,
			);
			runOnlyForDeploymentPostprocessing = 0;
		};
		045A4C662934F2B60011E6B8 /* Frameworks */ = {
			isa = PBXFrameworksBuildPhase;
			buildActionMask = 2147483647;
			files = (
			);
			runOnlyForDeploymentPostprocessing = 0;
		};
		045A4C702934F2B60011E6B8 /* Frameworks */ = {
			isa = PBXFrameworksBuildPhase;
			buildActionMask = 2147483647;
			files = (
			);
			runOnlyForDeploymentPostprocessing = 0;
		};
/* End PBXFrameworksBuildPhase section */

/* Begin PBXGroup section */
		045A4C4A2934F2B30011E6B8 = {
			isa = PBXGroup;
			children = (
				045A4C552934F2B40011E6B8 /* ChatApp */,
				045A4C6C2934F2B60011E6B8 /* ChatAppTests */,
				045A4C762934F2B60011E6B8 /* ChatAppUITests */,
				045A4C542934F2B40011E6B8 /* Products */,
				E662A11A35E600C3B6F39437 /* Pods */,
				4B6EB1168E1805EDDDC86484 /* Frameworks */,
			);
			sourceTree = "<group>";
		};
		045A4C542934F2B40011E6B8 /* Products */ = {
			isa = PBXGroup;
			children = (
				045A4C532934F2B40011E6B8 /* ChatApp.app */,
				045A4C692934F2B60011E6B8 /* ChatAppTests.xctest */,
				045A4C732934F2B60011E6B8 /* ChatAppUITests.xctest */,
			);
			name = Products;
			sourceTree = "<group>";
		};
		045A4C552934F2B40011E6B8 /* ChatApp */ = {
			isa = PBXGroup;
			children = (
				04BD633829362A2C006F1A65 /* Core */,
				045A4C562934F2B40011E6B8 /* AppDelegate.swift */,
				045A4C582934F2B40011E6B8 /* SceneDelegate.swift */,
				045A4C5A2934F2B40011E6B8 /* ViewController.swift */,
				045A4C5C2934F2B40011E6B8 /* Main.storyboard */,
				045A4C5F2934F2B50011E6B8 /* Assets.xcassets */,
				045A4C612934F2B50011E6B8 /* LaunchScreen.storyboard */,
				045A4C642934F2B50011E6B8 /* Info.plist */,
			);
			path = ChatApp;
			sourceTree = "<group>";
		};
		045A4C6C2934F2B60011E6B8 /* ChatAppTests */ = {
			isa = PBXGroup;
			children = (
				045A4C6D2934F2B60011E6B8 /* ChatAppTests.swift */,
			);
			path = ChatAppTests;
			sourceTree = "<group>";
		};
		045A4C762934F2B60011E6B8 /* ChatAppUITests */ = {
			isa = PBXGroup;
			children = (
				045A4C772934F2B60011E6B8 /* ChatAppUITests.swift */,
				045A4C792934F2B60011E6B8 /* ChatAppUITestsLaunchTests.swift */,
			);
			path = ChatAppUITests;
			sourceTree = "<group>";
		};
		04BD633829362A2C006F1A65 /* Core */ = {
			isa = PBXGroup;
			children = (
				04BD633A29362A4B006F1A65 /* GateWays */,
				04BD633D29362BD3006F1A65 /* UseCases */,
				04BD633929362A39006F1A65 /* Entities */,
			);
			path = Core;
			sourceTree = "<group>";
		};
		04BD633929362A39006F1A65 /* Entities */ = {
			isa = PBXGroup;
			children = (
				04BD633B29362AD5006F1A65 /* User.swift */,
			);
			path = Entities;
			sourceTree = "<group>";
		};
		04BD633A29362A4B006F1A65 /* GateWays */ = {
			isa = PBXGroup;
			children = (
			);
			path = GateWays;
			sourceTree = "<group>";
		};
		04BD633D29362BD3006F1A65 /* UseCases */ = {
			isa = PBXGroup;
			children = (
			);
			path = UseCases;
			sourceTree = "<group>";
		};
		4B6EB1168E1805EDDDC86484 /* Frameworks */ = {
			isa = PBXGroup;
			children = (
				7EF2AA0568F869D758B3EA33 /* Pods_ChatApp.framework */,
			);
			name = Frameworks;
			sourceTree = "<group>";
		};
		E662A11A35E600C3B6F39437 /* Pods */ = {
			isa = PBXGroup;
			children = (
				ACC85BA8B7C97C3B094579E0 /* Pods-ChatApp.debug.xcconfig */,
				AC83A88C0127E2F0D755A713 /* Pods-ChatApp.release.xcconfig */,
			);
			path = Pods;
			sourceTree = "<group>";
		};
/* End PBXGroup section */

/* Begin PBXNativeTarget section */
		045A4C522934F2B40011E6B8 /* ChatApp */ = {
			isa = PBXNativeTarget;
			buildConfigurationList = 045A4C7D2934F2B60011E6B8 /* Build configuration list for PBXNativeTarget "ChatApp" */;
			buildPhases = (
				46A98601B4D110ABEC9B254B /* [CP] Check Pods Manifest.lock */,
				04BBC643293614A000FB333D /* SwiftLint */,
				045A4C4F2934F2B40011E6B8 /* Sources */,
				045A4C502934F2B40011E6B8 /* Frameworks */,
				045A4C512934F2B40011E6B8 /* Resources */,
				0E1F687C16C59B187346FA87 /* [CP] Embed Pods Frameworks */,
			);
			buildRules = (
			);
			dependencies = (
			);
			name = ChatApp;
			productName = ChatApp;
			productReference = 045A4C532934F2B40011E6B8 /* ChatApp.app */;
			productType = "com.apple.product-type.application";
		};
		045A4C682934F2B60011E6B8 /* ChatAppTests */ = {
			isa = PBXNativeTarget;
			buildConfigurationList = 045A4C802934F2B60011E6B8 /* Build configuration list for PBXNativeTarget "ChatAppTests" */;
			buildPhases = (
				045A4C652934F2B60011E6B8 /* Sources */,
				045A4C662934F2B60011E6B8 /* Frameworks */,
				045A4C672934F2B60011E6B8 /* Resources */,
			);
			buildRules = (
			);
			dependencies = (
				045A4C6B2934F2B60011E6B8 /* PBXTargetDependency */,
			);
			name = ChatAppTests;
			productName = ChatAppTests;
			productReference = 045A4C692934F2B60011E6B8 /* ChatAppTests.xctest */;
			productType = "com.apple.product-type.bundle.unit-test";
		};
		045A4C722934F2B60011E6B8 /* ChatAppUITests */ = {
			isa = PBXNativeTarget;
			buildConfigurationList = 045A4C832934F2B60011E6B8 /* Build configuration list for PBXNativeTarget "ChatAppUITests" */;
			buildPhases = (
				045A4C6F2934F2B60011E6B8 /* Sources */,
				045A4C702934F2B60011E6B8 /* Frameworks */,
				045A4C712934F2B60011E6B8 /* Resources */,
			);
			buildRules = (
			);
			dependencies = (
				045A4C752934F2B60011E6B8 /* PBXTargetDependency */,
			);
			name = ChatAppUITests;
			productName = ChatAppUITests;
			productReference = 045A4C732934F2B60011E6B8 /* ChatAppUITests.xctest */;
			productType = "com.apple.product-type.bundle.ui-testing";
		};
/* End PBXNativeTarget section */

/* Begin PBXProject section */
		045A4C4B2934F2B30011E6B8 /* Project object */ = {
			isa = PBXProject;
			attributes = {
				BuildIndependentTargetsInParallel = 1;
				LastSwiftUpdateCheck = 1410;
				LastUpgradeCheck = 1410;
				TargetAttributes = {
					045A4C522934F2B40011E6B8 = {
						CreatedOnToolsVersion = 14.1;
					};
					045A4C682934F2B60011E6B8 = {
						CreatedOnToolsVersion = 14.1;
						TestTargetID = 045A4C522934F2B40011E6B8;
					};
					045A4C722934F2B60011E6B8 = {
						CreatedOnToolsVersion = 14.1;
						TestTargetID = 045A4C522934F2B40011E6B8;
					};
				};
			};
			buildConfigurationList = 045A4C4E2934F2B30011E6B8 /* Build configuration list for PBXProject "ChatApp" */;
			compatibilityVersion = "Xcode 14.0";
			developmentRegion = en;
			hasScannedForEncodings = 0;
			knownRegions = (
				en,
				Base,
			);
			mainGroup = 045A4C4A2934F2B30011E6B8;
			productRefGroup = 045A4C542934F2B40011E6B8 /* Products */;
			projectDirPath = "";
			projectRoot = "";
			targets = (
				045A4C522934F2B40011E6B8 /* ChatApp */,
				045A4C682934F2B60011E6B8 /* ChatAppTests */,
				045A4C722934F2B60011E6B8 /* ChatAppUITests */,
			);
		};
/* End PBXProject section */

/* Begin PBXResourcesBuildPhase section */
		045A4C512934F2B40011E6B8 /* Resources */ = {
			isa = PBXResourcesBuildPhase;
			buildActionMask = 2147483647;
			files = (
				045A4C632934F2B50011E6B8 /* LaunchScreen.storyboard in Resources */,
				045A4C602934F2B50011E6B8 /* Assets.xcassets in Resources */,
				045A4C5E2934F2B40011E6B8 /* Main.storyboard in Resources */,
			);
			runOnlyForDeploymentPostprocessing = 0;
		};
		045A4C672934F2B60011E6B8 /* Resources */ = {
			isa = PBXResourcesBuildPhase;
			buildActionMask = 2147483647;
			files = (
			);
			runOnlyForDeploymentPostprocessing = 0;
		};
		045A4C712934F2B60011E6B8 /* Resources */ = {
			isa = PBXResourcesBuildPhase;
			buildActionMask = 2147483647;
			files = (
			);
			runOnlyForDeploymentPostprocessing = 0;
		};
/* End PBXResourcesBuildPhase section */

/* Begin PBXShellScriptBuildPhase section */
		04BBC643293614A000FB333D /* SwiftLint */ = {
			isa = PBXShellScriptBuildPhase;
			buildActionMask = 2147483647;
			files = (
			);
			inputFileListPaths = (
			);
			inputPaths = (
			);
			name = SwiftLint;
			outputFileListPaths = (
			);
			outputPaths = (
			);
			runOnlyForDeploymentPostprocessing = 0;
			shellPath = /bin/sh;
			shellScript = "\"${PODS_ROOT}/SwiftLint/swiftlint\"\n";
		};
		0E1F687C16C59B187346FA87 /* [CP] Embed Pods Frameworks */ = {
			isa = PBXShellScriptBuildPhase;
			buildActionMask = 2147483647;
			files = (
			);
			inputFileListPaths = (
				"${PODS_ROOT}/Target Support Files/Pods-ChatApp/Pods-ChatApp-frameworks-${CONFIGURATION}-input-files.xcfilelist",
			);
			name = "[CP] Embed Pods Frameworks";
			outputFileListPaths = (
				"${PODS_ROOT}/Target Support Files/Pods-ChatApp/Pods-ChatApp-frameworks-${CONFIGURATION}-output-files.xcfilelist",
			);
			runOnlyForDeploymentPostprocessing = 0;
			shellPath = /bin/sh;
			shellScript = "\"${PODS_ROOT}/Target Support Files/Pods-ChatApp/Pods-ChatApp-frameworks.sh\"\n";
			showEnvVarsInLog = 0;
		};
		46A98601B4D110ABEC9B254B /* [CP] Check Pods Manifest.lock */ = {
			isa = PBXShellScriptBuildPhase;
			buildActionMask = 2147483647;
			files = (
			);
			inputFileListPaths = (
			);
			inputPaths = (
				"${PODS_PODFILE_DIR_PATH}/Podfile.lock",
				"${PODS_ROOT}/Manifest.lock",
			);
			name = "[CP] Check Pods Manifest.lock";
			outputFileListPaths = (
			);
			outputPaths = (
				"$(DERIVED_FILE_DIR)/Pods-ChatApp-checkManifestLockResult.txt",
			);
			runOnlyForDeploymentPostprocessing = 0;
			shellPath = /bin/sh;
			shellScript = "diff \"${PODS_PODFILE_DIR_PATH}/Podfile.lock\" \"${PODS_ROOT}/Manifest.lock\" > /dev/null\nif [ $? != 0 ] ; then\n    # print error to STDERR\n    echo \"error: The sandbox is not in sync with the Podfile.lock. Run 'pod install' or update your CocoaPods installation.\" >&2\n    exit 1\nfi\n# This output is used by Xcode 'outputs' to avoid re-running this script phase.\necho \"SUCCESS\" > \"${SCRIPT_OUTPUT_FILE_0}\"\n";
			showEnvVarsInLog = 0;
		};
/* End PBXShellScriptBuildPhase section */

/* Begin PBXSourcesBuildPhase section */
		045A4C4F2934F2B40011E6B8 /* Sources */ = {
			isa = PBXSourcesBuildPhase;
			buildActionMask = 2147483647;
			files = (
				04BD633C29362AD5006F1A65 /* User.swift in Sources */,
				045A4C5B2934F2B40011E6B8 /* ViewController.swift in Sources */,
				045A4C572934F2B40011E6B8 /* AppDelegate.swift in Sources */,
				045A4C592934F2B40011E6B8 /* SceneDelegate.swift in Sources */,
			);
			runOnlyForDeploymentPostprocessing = 0;
		};
		045A4C652934F2B60011E6B8 /* Sources */ = {
			isa = PBXSourcesBuildPhase;
			buildActionMask = 2147483647;
			files = (
				045A4C6E2934F2B60011E6B8 /* ChatAppTests.swift in Sources */,
			);
			runOnlyForDeploymentPostprocessing = 0;
		};
		045A4C6F2934F2B60011E6B8 /* Sources */ = {
			isa = PBXSourcesBuildPhase;
			buildActionMask = 2147483647;
			files = (
				045A4C7A2934F2B60011E6B8 /* ChatAppUITestsLaunchTests.swift in Sources */,
				045A4C782934F2B60011E6B8 /* ChatAppUITests.swift in Sources */,
			);
			runOnlyForDeploymentPostprocessing = 0;
		};
/* End PBXSourcesBuildPhase section */

/* Begin PBXTargetDependency section */
		045A4C6B2934F2B60011E6B8 /* PBXTargetDependency */ = {
			isa = PBXTargetDependency;
			target = 045A4C522934F2B40011E6B8 /* ChatApp */;
			targetProxy = 045A4C6A2934F2B60011E6B8 /* PBXContainerItemProxy */;
		};
		045A4C752934F2B60011E6B8 /* PBXTargetDependency */ = {
			isa = PBXTargetDependency;
			target = 045A4C522934F2B40011E6B8 /* ChatApp */;
			targetProxy = 045A4C742934F2B60011E6B8 /* PBXContainerItemProxy */;
		};
/* End PBXTargetDependency section */

/* Begin PBXVariantGroup section */
		045A4C5C2934F2B40011E6B8 /* Main.storyboard */ = {
			isa = PBXVariantGroup;
			children = (
				045A4C5D2934F2B40011E6B8 /* Base */,
			);
			name = Main.storyboard;
			sourceTree = "<group>";
		};
		045A4C612934F2B50011E6B8 /* LaunchScreen.storyboard */ = {
			isa = PBXVariantGroup;
			children = (
				045A4C622934F2B50011E6B8 /* Base */,
			);
			name = LaunchScreen.storyboard;
			sourceTree = "<group>";
		};
/* End PBXVariantGroup section */

/* Begin XCBuildConfiguration section */
		045A4C7B2934F2B60011E6B8 /* Debug */ = {
			isa = XCBuildConfiguration;
			buildSettings = {
				ALWAYS_SEARCH_USER_PATHS = NO;
				CLANG_ANALYZER_NONNULL = YES;
				CLANG_ANALYZER_NUMBER_OBJECT_CONVERSION = YES_AGGRESSIVE;
				CLANG_CXX_LANGUAGE_STANDARD = "gnu++20";
				CLANG_ENABLE_MODULES = YES;
				CLANG_ENABLE_OBJC_ARC = YES;
				CLANG_ENABLE_OBJC_WEAK = YES;
				CLANG_WARN_BLOCK_CAPTURE_AUTORELEASING = YES;
				CLANG_WARN_BOOL_CONVERSION = YES;
				CLANG_WARN_COMMA = YES;
				CLANG_WARN_CONSTANT_CONVERSION = YES;
				CLANG_WARN_DEPRECATED_OBJC_IMPLEMENTATIONS = YES;
				CLANG_WARN_DIRECT_OBJC_ISA_USAGE = YES_ERROR;
				CLANG_WARN_DOCUMENTATION_COMMENTS = YES;
				CLANG_WARN_EMPTY_BODY = YES;
				CLANG_WARN_ENUM_CONVERSION = YES;
				CLANG_WARN_INFINITE_RECURSION = YES;
				CLANG_WARN_INT_CONVERSION = YES;
				CLANG_WARN_NON_LITERAL_NULL_CONVERSION = YES;
				CLANG_WARN_OBJC_IMPLICIT_RETAIN_SELF = YES;
				CLANG_WARN_OBJC_LITERAL_CONVERSION = YES;
				CLANG_WARN_OBJC_ROOT_CLASS = YES_ERROR;
				CLANG_WARN_QUOTED_INCLUDE_IN_FRAMEWORK_HEADER = YES;
				CLANG_WARN_RANGE_LOOP_ANALYSIS = YES;
				CLANG_WARN_STRICT_PROTOTYPES = YES;
				CLANG_WARN_SUSPICIOUS_MOVE = YES;
				CLANG_WARN_UNGUARDED_AVAILABILITY = YES_AGGRESSIVE;
				CLANG_WARN_UNREACHABLE_CODE = YES;
				CLANG_WARN__DUPLICATE_METHOD_MATCH = YES;
				COPY_PHASE_STRIP = NO;
				DEBUG_INFORMATION_FORMAT = dwarf;
				ENABLE_STRICT_OBJC_MSGSEND = YES;
				ENABLE_TESTABILITY = YES;
				GCC_C_LANGUAGE_STANDARD = gnu11;
				GCC_DYNAMIC_NO_PIC = NO;
				GCC_NO_COMMON_BLOCKS = YES;
				GCC_OPTIMIZATION_LEVEL = 0;
				GCC_PREPROCESSOR_DEFINITIONS = (
					"DEBUG=1",
					"$(inherited)",
				);
				GCC_WARN_64_TO_32_BIT_CONVERSION = YES;
				GCC_WARN_ABOUT_RETURN_TYPE = YES_ERROR;
				GCC_WARN_UNDECLARED_SELECTOR = YES;
				GCC_WARN_UNINITIALIZED_AUTOS = YES_AGGRESSIVE;
				GCC_WARN_UNUSED_FUNCTION = YES;
				GCC_WARN_UNUSED_VARIABLE = YES;
				IPHONEOS_DEPLOYMENT_TARGET = 16.1;
				MTL_ENABLE_DEBUG_INFO = INCLUDE_SOURCE;
				MTL_FAST_MATH = YES;
				ONLY_ACTIVE_ARCH = YES;
				SDKROOT = iphoneos;
				SWIFT_ACTIVE_COMPILATION_CONDITIONS = DEBUG;
				SWIFT_OPTIMIZATION_LEVEL = "-Onone";
			};
			name = Debug;
		};
		045A4C7C2934F2B60011E6B8 /* Release */ = {
			isa = XCBuildConfiguration;
			buildSettings = {
				ALWAYS_SEARCH_USER_PATHS = NO;
				CLANG_ANALYZER_NONNULL = YES;
				CLANG_ANALYZER_NUMBER_OBJECT_CONVERSION = YES_AGGRESSIVE;
				CLANG_CXX_LANGUAGE_STANDARD = "gnu++20";
				CLANG_ENABLE_MODULES = YES;
				CLANG_ENABLE_OBJC_ARC = YES;
				CLANG_ENABLE_OBJC_WEAK = YES;
				CLANG_WARN_BLOCK_CAPTURE_AUTORELEASING = YES;
				CLANG_WARN_BOOL_CONVERSION = YES;
				CLANG_WARN_COMMA = YES;
				CLANG_WARN_CONSTANT_CONVERSION = YES;
				CLANG_WARN_DEPRECATED_OBJC_IMPLEMENTATIONS = YES;
				CLANG_WARN_DIRECT_OBJC_ISA_USAGE = YES_ERROR;
				CLANG_WARN_DOCUMENTATION_COMMENTS = YES;
				CLANG_WARN_EMPTY_BODY = YES;
				CLANG_WARN_ENUM_CONVERSION = YES;
				CLANG_WARN_INFINITE_RECURSION = YES;
				CLANG_WARN_INT_CONVERSION = YES;
				CLANG_WARN_NON_LITERAL_NULL_CONVERSION = YES;
				CLANG_WARN_OBJC_IMPLICIT_RETAIN_SELF = YES;
				CLANG_WARN_OBJC_LITERAL_CONVERSION = YES;
				CLANG_WARN_OBJC_ROOT_CLASS = YES_ERROR;
				CLANG_WARN_QUOTED_INCLUDE_IN_FRAMEWORK_HEADER = YES;
				CLANG_WARN_RANGE_LOOP_ANALYSIS = YES;
				CLANG_WARN_STRICT_PROTOTYPES = YES;
				CLANG_WARN_SUSPICIOUS_MOVE = YES;
				CLANG_WARN_UNGUARDED_AVAILABILITY = YES_AGGRESSIVE;
				CLANG_WARN_UNREACHABLE_CODE = YES;
				CLANG_WARN__DUPLICATE_METHOD_MATCH = YES;
				COPY_PHASE_STRIP = NO;
				DEBUG_INFORMATION_FORMAT = "dwarf-with-dsym";
				ENABLE_NS_ASSERTIONS = NO;
				ENABLE_STRICT_OBJC_MSGSEND = YES;
				GCC_C_LANGUAGE_STANDARD = gnu11;
				GCC_NO_COMMON_BLOCKS = YES;
				GCC_WARN_64_TO_32_BIT_CONVERSION = YES;
				GCC_WARN_ABOUT_RETURN_TYPE = YES_ERROR;
				GCC_WARN_UNDECLARED_SELECTOR = YES;
				GCC_WARN_UNINITIALIZED_AUTOS = YES_AGGRESSIVE;
				GCC_WARN_UNUSED_FUNCTION = YES;
				GCC_WARN_UNUSED_VARIABLE = YES;
				IPHONEOS_DEPLOYMENT_TARGET = 16.1;
				MTL_ENABLE_DEBUG_INFO = NO;
				MTL_FAST_MATH = YES;
				SDKROOT = iphoneos;
				SWIFT_COMPILATION_MODE = wholemodule;
				SWIFT_OPTIMIZATION_LEVEL = "-O";
				VALIDATE_PRODUCT = YES;
			};
			name = Release;
		};
		045A4C7E2934F2B60011E6B8 /* Debug */ = {
			isa = XCBuildConfiguration;
			baseConfigurationReference = ACC85BA8B7C97C3B094579E0 /* Pods-ChatApp.debug.xcconfig */;
			buildSettings = {
				ASSETCATALOG_COMPILER_APPICON_NAME = AppIcon;
				ASSETCATALOG_COMPILER_GLOBAL_ACCENT_COLOR_NAME = AccentColor;
				CODE_SIGN_STYLE = Automatic;
				CURRENT_PROJECT_VERSION = 1;
				GENERATE_INFOPLIST_FILE = YES;
				INFOPLIST_FILE = ChatApp/Info.plist;
				INFOPLIST_KEY_UIApplicationSupportsIndirectInputEvents = YES;
				INFOPLIST_KEY_UILaunchStoryboardName = LaunchScreen;
				INFOPLIST_KEY_UIMainStoryboardFile = Main;
				INFOPLIST_KEY_UISupportedInterfaceOrientations_iPad = "UIInterfaceOrientationPortrait UIInterfaceOrientationPortraitUpsideDown UIInterfaceOrientationLandscapeLeft UIInterfaceOrientationLandscapeRight";
				INFOPLIST_KEY_UISupportedInterfaceOrientations_iPhone = "UIInterfaceOrientationPortrait UIInterfaceOrientationLandscapeLeft UIInterfaceOrientationLandscapeRight";
				LD_RUNPATH_SEARCH_PATHS = (
					"$(inherited)",
					"@executable_path/Frameworks",
				);
				MARKETING_VERSION = 1.0;
				PRODUCT_BUNDLE_IDENTIFIER = com.tamkeen.ChatApp;
				PRODUCT_NAME = "$(TARGET_NAME)";
				SWIFT_EMIT_LOC_STRINGS = YES;
				SWIFT_VERSION = 5.0;
				TARGETED_DEVICE_FAMILY = "1,2";
			};
			name = Debug;
		};
		045A4C7F2934F2B60011E6B8 /* Release */ = {
			isa = XCBuildConfiguration;
			baseConfigurationReference = AC83A88C0127E2F0D755A713 /* Pods-ChatApp.release.xcconfig */;
			buildSettings = {
				ASSETCATALOG_COMPILER_APPICON_NAME = AppIcon;
				ASSETCATALOG_COMPILER_GLOBAL_ACCENT_COLOR_NAME = AccentColor;
				CODE_SIGN_STYLE = Automatic;
				CURRENT_PROJECT_VERSION = 1;
				GENERATE_INFOPLIST_FILE = YES;
				INFOPLIST_FILE = ChatApp/Info.plist;
				INFOPLIST_KEY_UIApplicationSupportsIndirectInputEvents = YES;
				INFOPLIST_KEY_UILaunchStoryboardName = LaunchScreen;
				INFOPLIST_KEY_UIMainStoryboardFile = Main;
				INFOPLIST_KEY_UISupportedInterfaceOrientations_iPad = "UIInterfaceOrientationPortrait UIInterfaceOrientationPortraitUpsideDown UIInterfaceOrientationLandscapeLeft UIInterfaceOrientationLandscapeRight";
				INFOPLIST_KEY_UISupportedInterfaceOrientations_iPhone = "UIInterfaceOrientationPortrait UIInterfaceOrientationLandscapeLeft UIInterfaceOrientationLandscapeRight";
				LD_RUNPATH_SEARCH_PATHS = (
					"$(inherited)",
					"@executable_path/Frameworks",
				);
				MARKETING_VERSION = 1.0;
				PRODUCT_BUNDLE_IDENTIFIER = com.tamkeen.ChatApp;
				PRODUCT_NAME = "$(TARGET_NAME)";
				SWIFT_EMIT_LOC_STRINGS = YES;
				SWIFT_VERSION = 5.0;
				TARGETED_DEVICE_FAMILY = "1,2";
			};
			name = Release;
		};
		045A4C812934F2B60011E6B8 /* Debug */ = {
			isa = XCBuildConfiguration;
			buildSettings = {
				ALWAYS_EMBED_SWIFT_STANDARD_LIBRARIES = YES;
				BUNDLE_LOADER = "$(TEST_HOST)";
				CODE_SIGN_STYLE = Automatic;
				CURRENT_PROJECT_VERSION = 1;
				GENERATE_INFOPLIST_FILE = YES;
				IPHONEOS_DEPLOYMENT_TARGET = 16.1;
				MARKETING_VERSION = 1.0;
				PRODUCT_BUNDLE_IDENTIFIER = com.tamkeen.ChatAppTests;
				PRODUCT_NAME = "$(TARGET_NAME)";
				SWIFT_EMIT_LOC_STRINGS = NO;
				SWIFT_VERSION = 5.0;
				TARGETED_DEVICE_FAMILY = "1,2";
				TEST_HOST = "$(BUILT_PRODUCTS_DIR)/ChatApp.app/$(BUNDLE_EXECUTABLE_FOLDER_PATH)/ChatApp";
			};
			name = Debug;
		};
		045A4C822934F2B60011E6B8 /* Release */ = {
			isa = XCBuildConfiguration;
			buildSettings = {
				ALWAYS_EMBED_SWIFT_STANDARD_LIBRARIES = YES;
				BUNDLE_LOADER = "$(TEST_HOST)";
				CODE_SIGN_STYLE = Automatic;
				CURRENT_PROJECT_VERSION = 1;
				GENERATE_INFOPLIST_FILE = YES;
				IPHONEOS_DEPLOYMENT_TARGET = 16.1;
				MARKETING_VERSION = 1.0;
				PRODUCT_BUNDLE_IDENTIFIER = com.tamkeen.ChatAppTests;
				PRODUCT_NAME = "$(TARGET_NAME)";
				SWIFT_EMIT_LOC_STRINGS = NO;
				SWIFT_VERSION = 5.0;
				TARGETED_DEVICE_FAMILY = "1,2";
				TEST_HOST = "$(BUILT_PRODUCTS_DIR)/ChatApp.app/$(BUNDLE_EXECUTABLE_FOLDER_PATH)/ChatApp";
			};
			name = Release;
		};
		045A4C842934F2B60011E6B8 /* Debug */ = {
			isa = XCBuildConfiguration;
			buildSettings = {
				ALWAYS_EMBED_SWIFT_STANDARD_LIBRARIES = YES;
				CODE_SIGN_STYLE = Automatic;
				CURRENT_PROJECT_VERSION = 1;
				GENERATE_INFOPLIST_FILE = YES;
				MARKETING_VERSION = 1.0;
				PRODUCT_BUNDLE_IDENTIFIER = com.tamkeen.ChatAppUITests;
				PRODUCT_NAME = "$(TARGET_NAME)";
				SWIFT_EMIT_LOC_STRINGS = NO;
				SWIFT_VERSION = 5.0;
				TARGETED_DEVICE_FAMILY = "1,2";
				TEST_TARGET_NAME = ChatApp;
			};
			name = Debug;
		};
		045A4C852934F2B60011E6B8 /* Release */ = {
			isa = XCBuildConfiguration;
			buildSettings = {
				ALWAYS_EMBED_SWIFT_STANDARD_LIBRARIES = YES;
				CODE_SIGN_STYLE = Automatic;
				CURRENT_PROJECT_VERSION = 1;
				GENERATE_INFOPLIST_FILE = YES;
				MARKETING_VERSION = 1.0;
				PRODUCT_BUNDLE_IDENTIFIER = com.tamkeen.ChatAppUITests;
				PRODUCT_NAME = "$(TARGET_NAME)";
				SWIFT_EMIT_LOC_STRINGS = NO;
				SWIFT_VERSION = 5.0;
				TARGETED_DEVICE_FAMILY = "1,2";
				TEST_TARGET_NAME = ChatApp;
			};
			name = Release;
		};
/* End XCBuildConfiguration section */

/* Begin XCConfigurationList section */
		045A4C4E2934F2B30011E6B8 /* Build configuration list for PBXProject "ChatApp" */ = {
			isa = XCConfigurationList;
			buildConfigurations = (
				045A4C7B2934F2B60011E6B8 /* Debug */,
				045A4C7C2934F2B60011E6B8 /* Release */,
			);
			defaultConfigurationIsVisible = 0;
			defaultConfigurationName = Release;
		};
		045A4C7D2934F2B60011E6B8 /* Build configuration list for PBXNativeTarget "ChatApp" */ = {
			isa = XCConfigurationList;
			buildConfigurations = (
				045A4C7E2934F2B60011E6B8 /* Debug */,
				045A4C7F2934F2B60011E6B8 /* Release */,
			);
			defaultConfigurationIsVisible = 0;
			defaultConfigurationName = Release;
		};
		045A4C802934F2B60011E6B8 /* Build configuration list for PBXNativeTarget "ChatAppTests" */ = {
			isa = XCConfigurationList;
			buildConfigurations = (
				045A4C812934F2B60011E6B8 /* Debug */,
				045A4C822934F2B60011E6B8 /* Release */,
			);
			defaultConfigurationIsVisible = 0;
			defaultConfigurationName = Release;
		};
		045A4C832934F2B60011E6B8 /* Build configuration list for PBXNativeTarget "ChatAppUITests" */ = {
			isa = XCConfigurationList;
			buildConfigurations = (
				045A4C842934F2B60011E6B8 /* Debug */,
				045A4C852934F2B60011E6B8 /* Release */,
			);
			defaultConfigurationIsVisible = 0;
			defaultConfigurationName = Release;
		};
/* End XCConfigurationList section */
	};
	rootObject = 045A4C4B2934F2B30011E6B8 /* Project object */;
}
